
Microsoft Visual Studio Solution File, Format Version 12.00
# Visual Studio Version 16
VisualStudioVersion = 16.0.30621.155
MinimumVisualStudioVersion = 10.0.40219.1
Project("{FAE04EC0-301F-11D3-BF4B-00C04F79EFBC}") = "robotConsole", "robotConsole.csproj", "{77BA3446-D26C-476A-B681-2CB737E25161}"
EndProject
Project("{FAE04EC0-301F-11D3-BF4B-00C04F79EFBC}") = "MessageDecoder", "..\lib\MessageDecoder\MessageDecoder.csproj", "{4603885F-CC5E-43E5-A4AF-063030CB0A32}"
EndProject
Project("{FAE04EC0-301F-11D3-BF4B-00C04F79EFBC}") = "MessageEncoder", "..\lib\MessageEncoder\MessageEncoder.csproj", "{EFAFBA95-1787-41A9-8F12-14ECD9FE127A}"
EndProject
Project("{FAE04EC0-301F-11D3-BF4B-00C04F79EFBC}") = "MessageGenerator", "..\lib\MessageGenerator\MessageGenerator.csproj", "{A31F4A19-F674-4776-B597-E92BA3E5061E}"
EndProject
Project("{FAE04EC0-301F-11D3-BF4B-00C04F79EFBC}") = "MessageProcessor", "..\lib\MessageProcessor\MessageProcessor.csproj", "{AD4884AD-631B-42E4-B6BB-F86B16BD6A68}"
EndProject
Project("{FAE04EC0-301F-11D3-BF4B-00C04F79EFBC}") = "USBVendor", "..\lib\USBVendor\USBVendor.csproj", "{12565644-3BF5-4BCB-84E5-6BDA7D16293C}"
EndProject
Project("{FAE04EC0-301F-11D3-BF4B-00C04F79EFBC}") = "Constants", "..\lib\Constants\Constants.csproj", "{0540B497-B2CE-40A1-84B5-3109CE2F3146}"
EndProject
Project("{FAE04EC0-301F-11D3-BF4B-00C04F79EFBC}") = "EventArgsLibrary", "..\EventArgsLibrary\EventArgsLibrary.csproj", "{66D75621-8432-4D1A-B26B-51A9CA3A3C00}"
EndProject
Project("{FAE04EC0-301F-11D3-BF4B-00C04F79EFBC}") = "Utilities", "..\lib\Utilities\Utilities.csproj", "{8E7D0DA4-9A13-4B18-A90E-0243BBCCE40A}"
EndProject
Project("{FAE04EC0-301F-11D3-BF4B-00C04F79EFBC}") = "MessageSender", "..\lib\MessageSender\MessageSender.csproj", "{46DDC64D-A209-48CC-A154-AF0F72D6E9D6}"
EndProject
Global
	GlobalSection(SolutionConfigurationPlatforms) = preSolution
		Debug|Any CPU = Debug|Any CPU
		Debug|x64 = Debug|x64
		Release|Any CPU = Release|Any CPU
		Release|x64 = Release|x64
		Unity|Any CPU = Unity|Any CPU
		Unity|x64 = Unity|x64
	EndGlobalSection
	GlobalSection(ProjectConfigurationPlatforms) = postSolution
		{77BA3446-D26C-476A-B681-2CB737E25161}.Debug|Any CPU.ActiveCfg = Debug|Any CPU
		{77BA3446-D26C-476A-B681-2CB737E25161}.Debug|Any CPU.Build.0 = Debug|Any CPU
		{77BA3446-D26C-476A-B681-2CB737E25161}.Debug|x64.ActiveCfg = Debug|Any CPU
		{77BA3446-D26C-476A-B681-2CB737E25161}.Debug|x64.Build.0 = Debug|Any CPU
		{77BA3446-D26C-476A-B681-2CB737E25161}.Release|Any CPU.ActiveCfg = Release|Any CPU
		{77BA3446-D26C-476A-B681-2CB737E25161}.Release|Any CPU.Build.0 = Release|Any CPU
		{77BA3446-D26C-476A-B681-2CB737E25161}.Release|x64.ActiveCfg = Release|Any CPU
		{77BA3446-D26C-476A-B681-2CB737E25161}.Release|x64.Build.0 = Release|Any CPU
		{77BA3446-D26C-476A-B681-2CB737E25161}.Unity|Any CPU.ActiveCfg = Release|Any CPU
		{77BA3446-D26C-476A-B681-2CB737E25161}.Unity|Any CPU.Build.0 = Release|Any CPU
		{77BA3446-D26C-476A-B681-2CB737E25161}.Unity|x64.ActiveCfg = Release|Any CPU
		{77BA3446-D26C-476A-B681-2CB737E25161}.Unity|x64.Build.0 = Release|Any CPU
		{4603885F-CC5E-43E5-A4AF-063030CB0A32}.Debug|Any CPU.ActiveCfg = Debug|Any CPU
		{4603885F-CC5E-43E5-A4AF-063030CB0A32}.Debug|Any CPU.Build.0 = Debug|Any CPU
		{4603885F-CC5E-43E5-A4AF-063030CB0A32}.Debug|x64.ActiveCfg = Debug|x64
		{4603885F-CC5E-43E5-A4AF-063030CB0A32}.Debug|x64.Build.0 = Debug|x64
		{4603885F-CC5E-43E5-A4AF-063030CB0A32}.Release|Any CPU.ActiveCfg = Release|Any CPU
		{4603885F-CC5E-43E5-A4AF-063030CB0A32}.Release|Any CPU.Build.0 = Release|Any CPU
		{4603885F-CC5E-43E5-A4AF-063030CB0A32}.Release|x64.ActiveCfg = Release|x64
		{4603885F-CC5E-43E5-A4AF-063030CB0A32}.Release|x64.Build.0 = Release|x64
		{4603885F-CC5E-43E5-A4AF-063030CB0A32}.Unity|Any CPU.ActiveCfg = Debug|Any CPU
		{4603885F-CC5E-43E5-A4AF-063030CB0A32}.Unity|Any CPU.Build.0 = Debug|Any CPU
		{4603885F-CC5E-43E5-A4AF-063030CB0A32}.Unity|x64.ActiveCfg = Debug|x64
		{4603885F-CC5E-43E5-A4AF-063030CB0A32}.Unity|x64.Build.0 = Debug|x64
		{EFAFBA95-1787-41A9-8F12-14ECD9FE127A}.Debug|Any CPU.ActiveCfg = Debug|Any CPU
		{EFAFBA95-1787-41A9-8F12-14ECD9FE127A}.Debug|Any CPU.Build.0 = Debug|Any CPU
		{EFAFBA95-1787-41A9-8F12-14ECD9FE127A}.Debug|x64.ActiveCfg = Debug|x64
		{EFAFBA95-1787-41A9-8F12-14ECD9FE127A}.Debug|x64.Build.0 = Debug|x64
		{EFAFBA95-1787-41A9-8F12-14ECD9FE127A}.Release|Any CPU.ActiveCfg = Release|Any CPU
		{EFAFBA95-1787-41A9-8F12-14ECD9FE127A}.Release|Any CPU.Build.0 = Release|Any CPU
		{EFAFBA95-1787-41A9-8F12-14ECD9FE127A}.Release|x64.ActiveCfg = Release|x64
		{EFAFBA95-1787-41A9-8F12-14ECD9FE127A}.Release|x64.Build.0 = Release|x64
		{EFAFBA95-1787-41A9-8F12-14ECD9FE127A}.Unity|Any CPU.ActiveCfg = Debug|Any CPU
		{EFAFBA95-1787-41A9-8F12-14ECD9FE127A}.Unity|Any CPU.Build.0 = Debug|Any CPU
		{EFAFBA95-1787-41A9-8F12-14ECD9FE127A}.Unity|x64.ActiveCfg = Debug|x64
		{EFAFBA95-1787-41A9-8F12-14ECD9FE127A}.Unity|x64.Build.0 = Debug|x64
		{A31F4A19-F674-4776-B597-E92BA3E5061E}.Debug|Any CPU.ActiveCfg = Debug|Any CPU
		{A31F4A19-F674-4776-B597-E92BA3E5061E}.Debug|Any CPU.Build.0 = Debug|Any CPU
		{A31F4A19-F674-4776-B597-E92BA3E5061E}.Debug|x64.ActiveCfg = Debug|x64
		{A31F4A19-F674-4776-B597-E92BA3E5061E}.Debug|x64.Build.0 = Debug|x64
		{A31F4A19-F674-4776-B597-E92BA3E5061E}.Release|Any CPU.ActiveCfg = Release|Any CPU
		{A31F4A19-F674-4776-B597-E92BA3E5061E}.Release|Any CPU.Build.0 = Release|Any CPU
		{A31F4A19-F674-4776-B597-E92BA3E5061E}.Release|x64.ActiveCfg = Release|x64
		{A31F4A19-F674-4776-B597-E92BA3E5061E}.Release|x64.Build.0 = Release|x64
		{A31F4A19-F674-4776-B597-E92BA3E5061E}.Unity|Any CPU.ActiveCfg = Debug|Any CPU
		{A31F4A19-F674-4776-B597-E92BA3E5061E}.Unity|Any CPU.Build.0 = Debug|Any CPU
		{A31F4A19-F674-4776-B597-E92BA3E5061E}.Unity|x64.ActiveCfg = Debug|x64
		{A31F4A19-F674-4776-B597-E92BA3E5061E}.Unity|x64.Build.0 = Debug|x64
		{AD4884AD-631B-42E4-B6BB-F86B16BD6A68}.Debug|Any CPU.ActiveCfg = Debug|Any CPU
		{AD4884AD-631B-42E4-B6BB-F86B16BD6A68}.Debug|Any CPU.Build.0 = Debug|Any CPU
		{AD4884AD-631B-42E4-B6BB-F86B16BD6A68}.Debug|x64.ActiveCfg = Debug|x64
		{AD4884AD-631B-42E4-B6BB-F86B16BD6A68}.Debug|x64.Build.0 = Debug|x64
		{AD4884AD-631B-42E4-B6BB-F86B16BD6A68}.Release|Any CPU.ActiveCfg = Release|Any CPU
		{AD4884AD-631B-42E4-B6BB-F86B16BD6A68}.Release|Any CPU.Build.0 = Release|Any CPU
		{AD4884AD-631B-42E4-B6BB-F86B16BD6A68}.Release|x64.ActiveCfg = Release|x64
		{AD4884AD-631B-42E4-B6BB-F86B16BD6A68}.Release|x64.Build.0 = Release|x64
		{AD4884AD-631B-42E4-B6BB-F86B16BD6A68}.Unity|Any CPU.ActiveCfg = Debug|Any CPU
		{AD4884AD-631B-42E4-B6BB-F86B16BD6A68}.Unity|Any CPU.Build.0 = Debug|Any CPU
		{AD4884AD-631B-42E4-B6BB-F86B16BD6A68}.Unity|x64.ActiveCfg = Debug|x64
		{AD4884AD-631B-42E4-B6BB-F86B16BD6A68}.Unity|x64.Build.0 = Debug|x64
		{12565644-3BF5-4BCB-84E5-6BDA7D16293C}.Debug|Any CPU.ActiveCfg = Debug|Any CPU
		{12565644-3BF5-4BCB-84E5-6BDA7D16293C}.Debug|Any CPU.Build.0 = Debug|Any CPU
		{12565644-3BF5-4BCB-84E5-6BDA7D16293C}.Debug|x64.ActiveCfg = Debug|Any CPU
		{12565644-3BF5-4BCB-84E5-6BDA7D16293C}.Debug|x64.Build.0 = Debug|Any CPU
		{12565644-3BF5-4BCB-84E5-6BDA7D16293C}.Release|Any CPU.ActiveCfg = Release|Any CPU
		{12565644-3BF5-4BCB-84E5-6BDA7D16293C}.Release|Any CPU.Build.0 = Release|Any CPU
		{12565644-3BF5-4BCB-84E5-6BDA7D16293C}.Release|x64.ActiveCfg = Release|Any CPU
		{12565644-3BF5-4BCB-84E5-6BDA7D16293C}.Release|x64.Build.0 = Release|Any CPU
		{12565644-3BF5-4BCB-84E5-6BDA7D16293C}.Unity|Any CPU.ActiveCfg = Debug|Any CPU
		{12565644-3BF5-4BCB-84E5-6BDA7D16293C}.Unity|Any CPU.Build.0 = Debug|Any CPU
		{12565644-3BF5-4BCB-84E5-6BDA7D16293C}.Unity|x64.ActiveCfg = Debug|Any CPU
		{12565644-3BF5-4BCB-84E5-6BDA7D16293C}.Unity|x64.Build.0 = Debug|Any CPU
		{0540B497-B2CE-40A1-84B5-3109CE2F3146}.Debug|Any CPU.ActiveCfg = Debug|Any CPU
		{0540B497-B2CE-40A1-84B5-3109CE2F3146}.Debug|Any CPU.Build.0 = Debug|Any CPU
		{0540B497-B2CE-40A1-84B5-3109CE2F3146}.Debug|x64.ActiveCfg = Debug|x64
		{0540B497-B2CE-40A1-84B5-3109CE2F3146}.Debug|x64.Build.0 = Debug|x64
		{0540B497-B2CE-40A1-84B5-3109CE2F3146}.Release|Any CPU.ActiveCfg = Release|Any CPU
		{0540B497-B2CE-40A1-84B5-3109CE2F3146}.Release|Any CPU.Build.0 = Release|Any CPU
		{0540B497-B2CE-40A1-84B5-3109CE2F3146}.Release|x64.ActiveCfg = Release|x64
		{0540B497-B2CE-40A1-84B5-3109CE2F3146}.Release|x64.Build.0 = Release|x64
		{0540B497-B2CE-40A1-84B5-3109CE2F3146}.Unity|Any CPU.ActiveCfg = Debug|Any CPU
		{0540B497-B2CE-40A1-84B5-3109CE2F3146}.Unity|Any CPU.Build.0 = Debug|Any CPU
		{0540B497-B2CE-40A1-84B5-3109CE2F3146}.Unity|x64.ActiveCfg = Debug|x64
		{0540B497-B2CE-40A1-84B5-3109CE2F3146}.Unity|x64.Build.0 = Debug|x64
		{66D75621-8432-4D1A-B26B-51A9CA3A3C00}.Debug|Any CPU.ActiveCfg = Debug|Any CPU
		{66D75621-8432-4D1A-B26B-51A9CA3A3C00}.Debug|Any CPU.Build.0 = Debug|Any CPU
		{66D75621-8432-4D1A-B26B-51A9CA3A3C00}.Debug|x64.ActiveCfg = Debug|Any CPU
		{66D75621-8432-4D1A-B26B-51A9CA3A3C00}.Debug|x64.Build.0 = Debug|Any CPU
		{66D75621-8432-4D1A-B26B-51A9CA3A3C00}.Release|Any CPU.ActiveCfg = Release|Any CPU
		{66D75621-8432-4D1A-B26B-51A9CA3A3C00}.Release|Any CPU.Build.0 = Release|Any CPU
		{66D75621-8432-4D1A-B26B-51A9CA3A3C00}.Release|x64.ActiveCfg = Release|Any CPU
		{66D75621-8432-4D1A-B26B-51A9CA3A3C00}.Release|x64.Build.0 = Release|Any CPU
		{66D75621-8432-4D1A-B26B-51A9CA3A3C00}.Unity|Any CPU.ActiveCfg = Debug|Any CPU
		{66D75621-8432-4D1A-B26B-51A9CA3A3C00}.Unity|Any CPU.Build.0 = Debug|Any CPU
		{66D75621-8432-4D1A-B26B-51A9CA3A3C00}.Unity|x64.ActiveCfg = Debug|Any CPU
		{66D75621-8432-4D1A-B26B-51A9CA3A3C00}.Unity|x64.Build.0 = Debug|Any CPU
		{8E7D0DA4-9A13-4B18-A90E-0243BBCCE40A}.Debug|Any CPU.ActiveCfg = Debug|Any CPU
		{8E7D0DA4-9A13-4B18-A90E-0243BBCCE40A}.Debug|Any CPU.Build.0 = Debug|Any CPU
		{8E7D0DA4-9A13-4B18-A90E-0243BBCCE40A}.Debug|x64.ActiveCfg = Debug|x64
		{8E7D0DA4-9A13-4B18-A90E-0243BBCCE40A}.Debug|x64.Build.0 = Debug|x64
		{8E7D0DA4-9A13-4B18-A90E-0243BBCCE40A}.Release|Any CPU.ActiveCfg = Release|Any CPU
		{8E7D0DA4-9A13-4B18-A90E-0243BBCCE40A}.Release|Any CPU.Build.0 = Release|Any CPU
		{8E7D0DA4-9A13-4B18-A90E-0243BBCCE40A}.Release|x64.ActiveCfg = Release|x64
		{8E7D0DA4-9A13-4B18-A90E-0243BBCCE40A}.Release|x64.Build.0 = Release|x64
		{8E7D0DA4-9A13-4B18-A90E-0243BBCCE40A}.Unity|Any CPU.ActiveCfg = Debug|Any CPU
		{8E7D0DA4-9A13-4B18-A90E-0243BBCCE40A}.Unity|Any CPU.Build.0 = Debug|Any CPU
		{8E7D0DA4-9A13-4B18-A90E-0243BBCCE40A}.Unity|x64.ActiveCfg = Debug|x64
		{8E7D0DA4-9A13-4B18-A90E-0243BBCCE40A}.Unity|x64.Build.0 = Debug|x64
		{46DDC64D-A209-48CC-A154-AF0F72D6E9D6}.Debug|Any CPU.ActiveCfg = Debug|Any CPU
		{46DDC64D-A209-48CC-A154-AF0F72D6E9D6}.Debug|Any CPU.Build.0 = Debug|Any CPU
		{46DDC64D-A209-48CC-A154-AF0F72D6E9D6}.Debug|x64.ActiveCfg = Debug|Any CPU
		{46DDC64D-A209-48CC-A154-AF0F72D6E9D6}.Debug|x64.Build.0 = Debug|Any CPU
		{46DDC64D-A209-48CC-A154-AF0F72D6E9D6}.Release|Any CPU.ActiveCfg = Release|Any CPU
		{46DDC64D-A209-48CC-A154-AF0F72D6E9D6}.Release|Any CPU.Build.0 = Release|Any CPU
		{46DDC64D-A209-48CC-A154-AF0F72D6E9D6}.Release|x64.ActiveCfg = Release|Any CPU
		{46DDC64D-A209-48CC-A154-AF0F72D6E9D6}.Release|x64.Build.0 = Release|Any CPU
		{46DDC64D-A209-48CC-A154-AF0F72D6E9D6}.Unity|Any CPU.ActiveCfg = Debug|Any CPU
		{46DDC64D-A209-48CC-A154-AF0F72D6E9D6}.Unity|Any CPU.Build.0 = Debug|Any CPU
		{46DDC64D-A209-48CC-A154-AF0F72D6E9D6}.Unity|x64.ActiveCfg = Debug|Any CPU
		{46DDC64D-A209-48CC-A154-AF0F72D6E9D6}.Unity|x64.Build.0 = Debug|Any CPU
	EndGlobalSection
	GlobalSection(SolutionProperties) = preSolution
		HideSolutionNode = FALSE
	EndGlobalSection
	GlobalSection(ExtensibilityGlobals) = postSolution
		SolutionGuid = {2E39532D-EF70-42C5-A27D-562F4A6A1661}
	EndGlobalSection
EndGlobal
